// !$*UTF8*$!
{
	archiveVersion = 1;
	classes = {
	};
	objectVersion = 55;
	objects = {

/* Begin PBXBuildFile section */
		230115AB2878F86600632803 /* LogItemView.swift in Sources */ = {isa = PBXBuildFile; fileRef = 230115AA2878F86600632803 /* LogItemView.swift */; };
		230115AE2879010700632803 /* LogInputView.swift in Sources */ = {isa = PBXBuildFile; fileRef = 230115AD2879010700632803 /* LogInputView.swift */; };
		230115B12879053800632803 /* LogListView.swift in Sources */ = {isa = PBXBuildFile; fileRef = 230115B02879053800632803 /* LogListView.swift */; };
		236C4F5A287F7B1500F7EDB8 /* Persistence.swift in Sources */ = {isa = PBXBuildFile; fileRef = 236C4F59287F7B1500F7EDB8 /* Persistence.swift */; };
		236C4F5D287F7B7C00F7EDB8 /* Log.xcdatamodeld in Sources */ = {isa = PBXBuildFile; fileRef = 236C4F5B287F7B7C00F7EDB8 /* Log.xcdatamodeld */; };
		236C4F5F287F951C00F7EDB8 /* DateExtensions.swift in Sources */ = {isa = PBXBuildFile; fileRef = 236C4F5E287F951C00F7EDB8 /* DateExtensions.swift */; };
		236C4F612880AC1100F7EDB8 /* KeychainManager.swift in Sources */ = {isa = PBXBuildFile; fileRef = 236C4F602880AC1100F7EDB8 /* KeychainManager.swift */; };
		236C4F642880B19300F7EDB8 /* web3.swift in Frameworks */ = {isa = PBXBuildFile; productRef = 236C4F632880B19300F7EDB8 /* web3.swift */; };
		236C4F662880B47000F7EDB8 /* EthereumManager.swift in Sources */ = {isa = PBXBuildFile; fileRef = 236C4F652880B47000F7EDB8 /* EthereumManager.swift */; };
		236C4F682880B75200F7EDB8 /* Contracts.swift in Sources */ = {isa = PBXBuildFile; fileRef = 236C4F672880B75200F7EDB8 /* Contracts.swift */; };
		236C4F6B2880BD7700F7EDB8 /* KeychainSwift.swift in Sources */ = {isa = PBXBuildFile; fileRef = 236C4F6A2880BD7700F7EDB8 /* KeychainSwift.swift */; };
		236C4F6D2880ECB200F7EDB8 /* Types.swift in Sources */ = {isa = PBXBuildFile; fileRef = 236C4F6C2880ECB200F7EDB8 /* Types.swift */; };
		237DAA252878D80D00EBD7EA /* LogApp.swift in Sources */ = {isa = PBXBuildFile; fileRef = 237DAA152878D80800EBD7EA /* LogApp.swift */; };
		237DAA272878D80D00EBD7EA /* ContentView.swift in Sources */ = {isa = PBXBuildFile; fileRef = 237DAA162878D80800EBD7EA /* ContentView.swift */; };
		237DAA292878D80D00EBD7EA /* Assets.xcassets in Resources */ = {isa = PBXBuildFile; fileRef = 237DAA172878D80D00EBD7EA /* Assets.xcassets */; };
		2381CA4928BFCE400063FF82 /* Apollo in Frameworks */ = {isa = PBXBuildFile; productRef = 2381CA4828BFCE400063FF82 /* Apollo */; };
/* End PBXBuildFile section */

/* Begin PBXFileReference section */
		230115AA2878F86600632803 /* LogItemView.swift */ = {isa = PBXFileReference; lastKnownFileType = sourcecode.swift; path = LogItemView.swift; sourceTree = "<group>"; };
		230115AD2879010700632803 /* LogInputView.swift */ = {isa = PBXFileReference; lastKnownFileType = sourcecode.swift; path = LogInputView.swift; sourceTree = "<group>"; };
		230115B02879053800632803 /* LogListView.swift */ = {isa = PBXFileReference; lastKnownFileType = sourcecode.swift; path = LogListView.swift; sourceTree = "<group>"; };
		236C4F59287F7B1500F7EDB8 /* Persistence.swift */ = {isa = PBXFileReference; lastKnownFileType = sourcecode.swift; path = Persistence.swift; sourceTree = "<group>"; };
		236C4F5C287F7B7C00F7EDB8 /* Log.xcdatamodel */ = {isa = PBXFileReference; lastKnownFileType = wrapper.xcdatamodel; path = Log.xcdatamodel; sourceTree = "<group>"; };
		236C4F5E287F951C00F7EDB8 /* DateExtensions.swift */ = {isa = PBXFileReference; lastKnownFileType = sourcecode.swift; path = DateExtensions.swift; sourceTree = "<group>"; };
		236C4F602880AC1100F7EDB8 /* KeychainManager.swift */ = {isa = PBXFileReference; lastKnownFileType = sourcecode.swift; path = KeychainManager.swift; sourceTree = "<group>"; };
		236C4F652880B47000F7EDB8 /* EthereumManager.swift */ = {isa = PBXFileReference; lastKnownFileType = sourcecode.swift; path = EthereumManager.swift; sourceTree = "<group>"; };
		236C4F672880B75200F7EDB8 /* Contracts.swift */ = {isa = PBXFileReference; lastKnownFileType = sourcecode.swift; path = Contracts.swift; sourceTree = "<group>"; };
		236C4F6A2880BD7700F7EDB8 /* KeychainSwift.swift */ = {isa = PBXFileReference; lastKnownFileType = sourcecode.swift; path = KeychainSwift.swift; sourceTree = "<group>"; };
		236C4F6C2880ECB200F7EDB8 /* Types.swift */ = {isa = PBXFileReference; lastKnownFileType = sourcecode.swift; path = Types.swift; sourceTree = "<group>"; };
		236C4F872880F99600F7EDB8 /* Log (iOS).entitlements */ = {isa = PBXFileReference; lastKnownFileType = text.plist.entitlements; path = "Log (iOS).entitlements"; sourceTree = "<group>"; };
		237DAA152878D80800EBD7EA /* LogApp.swift */ = {isa = PBXFileReference; lastKnownFileType = sourcecode.swift; path = LogApp.swift; sourceTree = "<group>"; };
		237DAA162878D80800EBD7EA /* ContentView.swift */ = {isa = PBXFileReference; lastKnownFileType = sourcecode.swift; path = ContentView.swift; sourceTree = "<group>"; };
		237DAA172878D80D00EBD7EA /* Assets.xcassets */ = {isa = PBXFileReference; lastKnownFileType = folder.assetcatalog; path = Assets.xcassets; sourceTree = "<group>"; };
		237DAA1C2878D80D00EBD7EA /* rlog.app */ = {isa = PBXFileReference; explicitFileType = wrapper.application; includeInIndex = 0; path = rlog.app; sourceTree = BUILT_PRODUCTS_DIR; };
/* End PBXFileReference section */

/* Begin PBXFrameworksBuildPhase section */
		237DAA192878D80D00EBD7EA /* Frameworks */ = {
			isa = PBXFrameworksBuildPhase;
			buildActionMask = 2147483647;
			files = (
				236C4F642880B19300F7EDB8 /* web3.swift in Frameworks */,
				2381CA4928BFCE400063FF82 /* Apollo in Frameworks */,
			);
			runOnlyForDeploymentPostprocessing = 0;
		};
/* End PBXFrameworksBuildPhase section */

/* Begin PBXGroup section */
		237DAA0F2878D80800EBD7EA = {
			isa = PBXGroup;
			children = (
				236C4F872880F99600F7EDB8 /* Log (iOS).entitlements */,
				237DAA142878D80800EBD7EA /* Shared */,
				237DAA1D2878D80D00EBD7EA /* Products */,
			);
			sourceTree = "<group>";
		};
		237DAA142878D80800EBD7EA /* Shared */ = {
			isa = PBXGroup;
			children = (
				236C4F5B287F7B7C00F7EDB8 /* Log.xcdatamodeld */,
				236C4F59287F7B1500F7EDB8 /* Persistence.swift */,
				237DAA152878D80800EBD7EA /* LogApp.swift */,
				237DAA162878D80800EBD7EA /* ContentView.swift */,
				237DAA172878D80D00EBD7EA /* Assets.xcassets */,
				230115AA2878F86600632803 /* LogItemView.swift */,
				230115AD2879010700632803 /* LogInputView.swift */,
				230115B02879053800632803 /* LogListView.swift */,
				236C4F5E287F951C00F7EDB8 /* DateExtensions.swift */,
				236C4F602880AC1100F7EDB8 /* KeychainManager.swift */,
				236C4F652880B47000F7EDB8 /* EthereumManager.swift */,
				236C4F672880B75200F7EDB8 /* Contracts.swift */,
				236C4F6A2880BD7700F7EDB8 /* KeychainSwift.swift */,
				236C4F6C2880ECB200F7EDB8 /* Types.swift */,
			);
			path = Shared;
			sourceTree = "<group>";
		};
		237DAA1D2878D80D00EBD7EA /* Products */ = {
			isa = PBXGroup;
			children = (
				237DAA1C2878D80D00EBD7EA /* rlog.app */,
			);
			name = Products;
			sourceTree = "<group>";
		};
/* End PBXGroup section */

/* Begin PBXNativeTarget section */
		237DAA1B2878D80D00EBD7EA /* rlog (iOS) */ = {
			isa = PBXNativeTarget;
			buildConfigurationList = 237DAA2D2878D80D00EBD7EA /* Build configuration list for PBXNativeTarget "rlog (iOS)" */;
			buildPhases = (
				237DAA182878D80D00EBD7EA /* Sources */,
				237DAA192878D80D00EBD7EA /* Frameworks */,
				237DAA1A2878D80D00EBD7EA /* Resources */,
			);
			buildRules = (
			);
			dependencies = (
			);
			name = "rlog (iOS)";
			packageProductDependencies = (
				236C4F632880B19300F7EDB8 /* web3.swift */,
				2381CA4828BFCE400063FF82 /* Apollo */,
			);
			productName = "Log (iOS)";
			productReference = 237DAA1C2878D80D00EBD7EA /* rlog.app */;
			productType = "com.apple.product-type.application";
		};
/* End PBXNativeTarget section */

/* Begin PBXProject section */
		237DAA102878D80800EBD7EA /* Project object */ = {
			isa = PBXProject;
			attributes = {
				BuildIndependentTargetsInParallel = 1;
				LastSwiftUpdateCheck = 1400;
				LastUpgradeCheck = 1340;
				TargetAttributes = {
					237DAA1B2878D80D00EBD7EA = {
						CreatedOnToolsVersion = 13.4.1;
					};
				};
			};
			buildConfigurationList = 237DAA132878D80800EBD7EA /* Build configuration list for PBXProject "rlog" */;
			compatibilityVersion = "Xcode 13.0";
			developmentRegion = en;
			hasScannedForEncodings = 0;
			knownRegions = (
				en,
				Base,
			);
			mainGroup = 237DAA0F2878D80800EBD7EA;
			packageReferences = (
				236C4F622880B19300F7EDB8 /* XCRemoteSwiftPackageReference "web3" */,
				2381CA4728BFCE400063FF82 /* XCRemoteSwiftPackageReference "apollo-ios" */,
			);
			productRefGroup = 237DAA1D2878D80D00EBD7EA /* Products */;
			projectDirPath = "";
			projectRoot = "";
			targets = (
				237DAA1B2878D80D00EBD7EA /* rlog (iOS) */,
			);
		};
/* End PBXProject section */

/* Begin PBXResourcesBuildPhase section */
		237DAA1A2878D80D00EBD7EA /* Resources */ = {
			isa = PBXResourcesBuildPhase;
			buildActionMask = 2147483647;
			files = (
				237DAA292878D80D00EBD7EA /* Assets.xcassets in Resources */,
			);
			runOnlyForDeploymentPostprocessing = 0;
		};
/* End PBXResourcesBuildPhase section */

/* Begin PBXSourcesBuildPhase section */
		237DAA182878D80D00EBD7EA /* Sources */ = {
			isa = PBXSourcesBuildPhase;
			buildActionMask = 2147483647;
			files = (
				237DAA272878D80D00EBD7EA /* ContentView.swift in Sources */,
				230115AB2878F86600632803 /* LogItemView.swift in Sources */,
				230115AE2879010700632803 /* LogInputView.swift in Sources */,
				236C4F5D287F7B7C00F7EDB8 /* Log.xcdatamodeld in Sources */,
				236C4F612880AC1100F7EDB8 /* KeychainManager.swift in Sources */,
				236C4F5A287F7B1500F7EDB8 /* Persistence.swift in Sources */,
				236C4F5F287F951C00F7EDB8 /* DateExtensions.swift in Sources */,
				237DAA252878D80D00EBD7EA /* LogApp.swift in Sources */,
				236C4F6D2880ECB200F7EDB8 /* Types.swift in Sources */,
				236C4F662880B47000F7EDB8 /* EthereumManager.swift in Sources */,
				236C4F682880B75200F7EDB8 /* Contracts.swift in Sources */,
				230115B12879053800632803 /* LogListView.swift in Sources */,
				236C4F6B2880BD7700F7EDB8 /* KeychainSwift.swift in Sources */,
			);
			runOnlyForDeploymentPostprocessing = 0;
		};
/* End PBXSourcesBuildPhase section */

/* Begin XCBuildConfiguration section */
		237DAA2B2878D80D00EBD7EA /* Debug */ = {
			isa = XCBuildConfiguration;
			buildSettings = {
				ALWAYS_SEARCH_USER_PATHS = NO;
				CLANG_ANALYZER_NONNULL = YES;
				CLANG_ANALYZER_NUMBER_OBJECT_CONVERSION = YES_AGGRESSIVE;
				CLANG_CXX_LANGUAGE_STANDARD = "gnu++17";
				CLANG_ENABLE_MODULES = YES;
				CLANG_ENABLE_OBJC_ARC = YES;
				CLANG_ENABLE_OBJC_WEAK = YES;
				CLANG_WARN_BLOCK_CAPTURE_AUTORELEASING = YES;
				CLANG_WARN_BOOL_CONVERSION = YES;
				CLANG_WARN_COMMA = YES;
				CLANG_WARN_CONSTANT_CONVERSION = YES;
				CLANG_WARN_DEPRECATED_OBJC_IMPLEMENTATIONS = YES;
				CLANG_WARN_DIRECT_OBJC_ISA_USAGE = YES_ERROR;
				CLANG_WARN_DOCUMENTATION_COMMENTS = YES;
				CLANG_WARN_EMPTY_BODY = YES;
				CLANG_WARN_ENUM_CONVERSION = YES;
				CLANG_WARN_INFINITE_RECURSION = YES;
				CLANG_WARN_INT_CONVERSION = YES;
				CLANG_WARN_NON_LITERAL_NULL_CONVERSION = YES;
				CLANG_WARN_OBJC_IMPLICIT_RETAIN_SELF = YES;
				CLANG_WARN_OBJC_LITERAL_CONVERSION = YES;
				CLANG_WARN_OBJC_ROOT_CLASS = YES_ERROR;
				CLANG_WARN_QUOTED_INCLUDE_IN_FRAMEWORK_HEADER = YES;
				CLANG_WARN_RANGE_LOOP_ANALYSIS = YES;
				CLANG_WARN_STRICT_PROTOTYPES = YES;
				CLANG_WARN_SUSPICIOUS_MOVE = YES;
				CLANG_WARN_UNGUARDED_AVAILABILITY = YES_AGGRESSIVE;
				CLANG_WARN_UNREACHABLE_CODE = YES;
				CLANG_WARN__DUPLICATE_METHOD_MATCH = YES;
				COPY_PHASE_STRIP = NO;
				DEBUG_INFORMATION_FORMAT = dwarf;
				ENABLE_STRICT_OBJC_MSGSEND = YES;
				ENABLE_TESTABILITY = YES;
				GCC_C_LANGUAGE_STANDARD = gnu11;
				GCC_DYNAMIC_NO_PIC = NO;
				GCC_NO_COMMON_BLOCKS = YES;
				GCC_OPTIMIZATION_LEVEL = 0;
				GCC_PREPROCESSOR_DEFINITIONS = (
					"DEBUG=1",
					"$(inherited)",
				);
				GCC_WARN_64_TO_32_BIT_CONVERSION = YES;
				GCC_WARN_ABOUT_RETURN_TYPE = YES_ERROR;
				GCC_WARN_UNDECLARED_SELECTOR = YES;
				GCC_WARN_UNINITIALIZED_AUTOS = YES_AGGRESSIVE;
				GCC_WARN_UNUSED_FUNCTION = YES;
				GCC_WARN_UNUSED_VARIABLE = YES;
				MTL_ENABLE_DEBUG_INFO = INCLUDE_SOURCE;
				MTL_FAST_MATH = YES;
				ONLY_ACTIVE_ARCH = YES;
				SWIFT_ACTIVE_COMPILATION_CONDITIONS = DEBUG;
				SWIFT_OPTIMIZATION_LEVEL = "-Onone";
			};
			name = Debug;
		};
		237DAA2C2878D80D00EBD7EA /* Release */ = {
			isa = XCBuildConfiguration;
			buildSettings = {
				ALWAYS_SEARCH_USER_PATHS = NO;
				CLANG_ANALYZER_NONNULL = YES;
				CLANG_ANALYZER_NUMBER_OBJECT_CONVERSION = YES_AGGRESSIVE;
				CLANG_CXX_LANGUAGE_STANDARD = "gnu++17";
				CLANG_ENABLE_MODULES = YES;
				CLANG_ENABLE_OBJC_ARC = YES;
				CLANG_ENABLE_OBJC_WEAK = YES;
				CLANG_WARN_BLOCK_CAPTURE_AUTORELEASING = YES;
				CLANG_WARN_BOOL_CONVERSION = YES;
				CLANG_WARN_COMMA = YES;
				CLANG_WARN_CONSTANT_CONVERSION = YES;
				CLANG_WARN_DEPRECATED_OBJC_IMPLEMENTATIONS = YES;
				CLANG_WARN_DIRECT_OBJC_ISA_USAGE = YES_ERROR;
				CLANG_WARN_DOCUMENTATION_COMMENTS = YES;
				CLANG_WARN_EMPTY_BODY = YES;
				CLANG_WARN_ENUM_CONVERSION = YES;
				CLANG_WARN_INFINITE_RECURSION = YES;
				CLANG_WARN_INT_CONVERSION = YES;
				CLANG_WARN_NON_LITERAL_NULL_CONVERSION = YES;
				CLANG_WARN_OBJC_IMPLICIT_RETAIN_SELF = YES;
				CLANG_WARN_OBJC_LITERAL_CONVERSION = YES;
				CLANG_WARN_OBJC_ROOT_CLASS = YES_ERROR;
				CLANG_WARN_QUOTED_INCLUDE_IN_FRAMEWORK_HEADER = YES;
				CLANG_WARN_RANGE_LOOP_ANALYSIS = YES;
				CLANG_WARN_STRICT_PROTOTYPES = YES;
				CLANG_WARN_SUSPICIOUS_MOVE = YES;
				CLANG_WARN_UNGUARDED_AVAILABILITY = YES_AGGRESSIVE;
				CLANG_WARN_UNREACHABLE_CODE = YES;
				CLANG_WARN__DUPLICATE_METHOD_MATCH = YES;
				COPY_PHASE_STRIP = NO;
				DEBUG_INFORMATION_FORMAT = "dwarf-with-dsym";
				ENABLE_NS_ASSERTIONS = NO;
				ENABLE_STRICT_OBJC_MSGSEND = YES;
				GCC_C_LANGUAGE_STANDARD = gnu11;
				GCC_NO_COMMON_BLOCKS = YES;
				GCC_WARN_64_TO_32_BIT_CONVERSION = YES;
				GCC_WARN_ABOUT_RETURN_TYPE = YES_ERROR;
				GCC_WARN_UNDECLARED_SELECTOR = YES;
				GCC_WARN_UNINITIALIZED_AUTOS = YES_AGGRESSIVE;
				GCC_WARN_UNUSED_FUNCTION = YES;
				GCC_WARN_UNUSED_VARIABLE = YES;
				MTL_ENABLE_DEBUG_INFO = NO;
				MTL_FAST_MATH = YES;
				SWIFT_COMPILATION_MODE = wholemodule;
				SWIFT_OPTIMIZATION_LEVEL = "-O";
			};
			name = Release;
		};
		237DAA2E2878D80D00EBD7EA /* Debug */ = {
			isa = XCBuildConfiguration;
			buildSettings = {
				ASSETCATALOG_COMPILER_APPICON_NAME = AppIcon;
				ASSETCATALOG_COMPILER_GLOBAL_ACCENT_COLOR_NAME = AccentColor;
				CODE_SIGN_ENTITLEMENTS = "Log (iOS).entitlements";
				CODE_SIGN_STYLE = Automatic;
				CURRENT_PROJECT_VERSION = 7;
				DEVELOPMENT_TEAM = UWFLB4GC25;
				ENABLE_PREVIEWS = YES;
				GENERATE_INFOPLIST_FILE = YES;
				INFOPLIST_KEY_UIApplicationSceneManifest_Generation = YES;
				INFOPLIST_KEY_UIApplicationSupportsIndirectInputEvents = YES;
				INFOPLIST_KEY_UILaunchScreen_Generation = YES;
				INFOPLIST_KEY_UISupportedInterfaceOrientations_iPad = "UIInterfaceOrientationPortrait UIInterfaceOrientationPortraitUpsideDown UIInterfaceOrientationLandscapeLeft UIInterfaceOrientationLandscapeRight";
				INFOPLIST_KEY_UISupportedInterfaceOrientations_iPhone = "UIInterfaceOrientationPortrait UIInterfaceOrientationLandscapeLeft UIInterfaceOrientationLandscapeRight";
				IPHONEOS_DEPLOYMENT_TARGET = 15.0;
				LD_RUNPATH_SEARCH_PATHS = (
					"$(inherited)",
					"@executable_path/Frameworks",
				);
				MARKETING_VERSION = 0.0.7;
				PRODUCT_BUNDLE_IDENTIFIER = org.relational.rlog;
				PRODUCT_NAME = rlog;
				SDKROOT = iphoneos;
				SWIFT_EMIT_LOC_STRINGS = YES;
				SWIFT_VERSION = 5.0;
				TARGETED_DEVICE_FAMILY = "1,2";
			};
			name = Debug;
		};
		237DAA2F2878D80D00EBD7EA /* Release */ = {
			isa = XCBuildConfiguration;
			buildSettings = {
				ASSETCATALOG_COMPILER_APPICON_NAME = AppIcon;
				ASSETCATALOG_COMPILER_GLOBAL_ACCENT_COLOR_NAME = AccentColor;
				CODE_SIGN_ENTITLEMENTS = "Log (iOS).entitlements";
				CODE_SIGN_STYLE = Automatic;
				CURRENT_PROJECT_VERSION = 7;
				DEVELOPMENT_TEAM = UWFLB4GC25;
				ENABLE_PREVIEWS = YES;
				GENERATE_INFOPLIST_FILE = YES;
				INFOPLIST_KEY_UIApplicationSceneManifest_Generation = YES;
				INFOPLIST_KEY_UIApplicationSupportsIndirectInputEvents = YES;
				INFOPLIST_KEY_UILaunchScreen_Generation = YES;
				INFOPLIST_KEY_UISupportedInterfaceOrientations_iPad = "UIInterfaceOrientationPortrait UIInterfaceOrientationPortraitUpsideDown UIInterfaceOrientationLandscapeLeft UIInterfaceOrientationLandscapeRight";
				INFOPLIST_KEY_UISupportedInterfaceOrientations_iPhone = "UIInterfaceOrientationPortrait UIInterfaceOrientationLandscapeLeft UIInterfaceOrientationLandscapeRight";
				IPHONEOS_DEPLOYMENT_TARGET = 15.0;
				LD_RUNPATH_SEARCH_PATHS = (
					"$(inherited)",
					"@executable_path/Frameworks",
				);
				MARKETING_VERSION = 0.0.7;
				PRODUCT_BUNDLE_IDENTIFIER = org.relational.rlog;
				PRODUCT_NAME = rlog;
				SDKROOT = iphoneos;
				SWIFT_EMIT_LOC_STRINGS = YES;
				SWIFT_VERSION = 5.0;
				TARGETED_DEVICE_FAMILY = "1,2";
				VALIDATE_PRODUCT = YES;
			};
			name = Release;
		};
/* End XCBuildConfiguration section */

/* Begin XCConfigurationList section */
		237DAA132878D80800EBD7EA /* Build configuration list for PBXProject "rlog" */ = {
			isa = XCConfigurationList;
			buildConfigurations = (
				237DAA2B2878D80D00EBD7EA /* Debug */,
				237DAA2C2878D80D00EBD7EA /* Release */,
			);
			defaultConfigurationIsVisible = 0;
			defaultConfigurationName = Release;
		};
		237DAA2D2878D80D00EBD7EA /* Build configuration list for PBXNativeTarget "rlog (iOS)" */ = {
			isa = XCConfigurationList;
			buildConfigurations = (
				237DAA2E2878D80D00EBD7EA /* Debug */,
				237DAA2F2878D80D00EBD7EA /* Release */,
			);
			defaultConfigurationIsVisible = 0;
			defaultConfigurationName = Release;
		};
/* End XCConfigurationList section */

/* Begin XCRemoteSwiftPackageReference section */
		236C4F622880B19300F7EDB8 /* XCRemoteSwiftPackageReference "web3" */ = {
			isa = XCRemoteSwiftPackageReference;
			repositoryURL = "https://github.com/argentlabs/web3.swift";
			requirement = {
				kind = upToNextMajorVersion;
				minimumVersion = 1.2.0;
			};
		};
		2381CA4728BFCE400063FF82 /* XCRemoteSwiftPackageReference "apollo-ios" */ = {
			isa = XCRemoteSwiftPackageReference;
			repositoryURL = "https://github.com/apollographql/apollo-ios";
			requirement = {
				kind = exactVersion;
				version = 0.53.0;
			};
		};
/* End XCRemoteSwiftPackageReference section */

/* Begin XCSwiftPackageProductDependency section */
		236C4F632880B19300F7EDB8 /* web3.swift */ = {
			isa = XCSwiftPackageProductDependency;
			package = 236C4F622880B19300F7EDB8 /* XCRemoteSwiftPackageReference "web3" */;
			productName = web3.swift;
		};
		2381CA4828BFCE400063FF82 /* Apollo */ = {
			isa = XCSwiftPackageProductDependency;
			package = 2381CA4728BFCE400063FF82 /* XCRemoteSwiftPackageReference "apollo-ios" */;
			productName = Apollo;
		};
/* End XCSwiftPackageProductDependency section */

/* Begin XCVersionGroup section */
		236C4F5B287F7B7C00F7EDB8 /* Log.xcdatamodeld */ = {
			isa = XCVersionGroup;
			children = (
				236C4F5C287F7B7C00F7EDB8 /* Log.xcdatamodel */,
			);
			currentVersion = 236C4F5C287F7B7C00F7EDB8 /* Log.xcdatamodel */;
			path = Log.xcdatamodeld;
			sourceTree = "<group>";
			versionGroupType = wrapper.xcdatamodel;
		};
/* End XCVersionGroup section */
	};
	rootObject = 237DAA102878D80800EBD7EA /* Project object */;
}
